
Microsoft Visual Studio Solution File, Format Version 11.00
# Visual Studio 2010
Project("{2150E333-8FDC-42A3-9474-1A3956D46DE8}") = "04-Websites", "04-Websites", "{556B83CC-1FB7-4E0D-88DB-9A13407B7956}"
EndProject
Project("{2150E333-8FDC-42A3-9474-1A3956D46DE8}") = "02-Models", "02-Models", "{CD00F244-4E8A-4B64-A62A-3D2DA769D85A}"
EndProject
Project("{2150E333-8FDC-42A3-9474-1A3956D46DE8}") = "03-Bussiness", "03-Bussiness", "{63C42726-B563-4DE6-BD1D-8D2A02435E5F}"
EndProject
Project("{FAE04EC0-301F-11D3-BF4B-00C04F79EFBC}") = "Tjzx.Official.Models", "Models\Tjzx.Official.Models\Tjzx.Official.Models.csproj", "{823C4B6A-BEF4-46FB-8399-FF22957C23C8}"
EndProject
Project("{2150E333-8FDC-42A3-9474-1A3956D46DE8}") = "05-Tests", "05-Tests", "{931E7495-E32B-4208-A8BD-D60CB601F182}"
EndProject
Project("{FAE04EC0-301F-11D3-BF4B-00C04F79EFBC}") = "Tjzx.Official.Models.Test", "Tests\Tjzx.Official.Models.Test\Tjzx.Official.Models.Test.csproj", "{590F6283-B7C6-4553-984A-7B02A96BF64E}"
EndProject
Project("{2150E333-8FDC-42A3-9474-1A3956D46DE8}") = "Solution Items", "Solution Items", "{738B36B6-1B3B-41F6-A56B-7A69FCBB7809}"
	ProjectSection(SolutionItems) = preProject
		Local.testsettings = Local.testsettings
		Tjzx.vsmdi = Tjzx.vsmdi
		TraceAndTestImpact.testsettings = TraceAndTestImpact.testsettings
	EndProjectSection
EndProject
Project("{FAE04EC0-301F-11D3-BF4B-00C04F79EFBC}") = "Tjzx.Offical.Api", "Websites\Tjzx.Offical.Api\Tjzx.Offical.Api.csproj", "{F859859F-0D24-49D6-98ED-88D597F56176}"
EndProject
Project("{FAE04EC0-301F-11D3-BF4B-00C04F79EFBC}") = "Tjzx.Official.Web", "Websites\Tjzx.Official.Web\Tjzx.Official.Web.csproj", "{A9EEF11A-CF76-4533-A0B4-1CF07737305D}"
EndProject
Project("{FAE04EC0-301F-11D3-BF4B-00C04F79EFBC}") = "Tjzx.Official.BLL", "Bussiness\Tjzx.Official.BLL\Tjzx.Official.BLL.csproj", "{A2AB7468-3FD9-4830-BE6F-3232FEA06EC1}"
EndProject
Project("{FAE04EC0-301F-11D3-BF4B-00C04F79EFBC}") = "Tjzx.Official.Controllers", "Bussiness\Tjzx.Official.Controllers\Tjzx.Official.Controllers.csproj", "{CE2E759A-F1DC-445C-A1C0-835CF0B4E076}"
EndProject
Project("{FAE04EC0-301F-11D3-BF4B-00C04F79EFBC}") = "Tjzx.Web", "Bussiness\Tjzx.Web\Tjzx.Web.csproj", "{BCF9E9EB-050F-496E-8EA1-6B4183646C6C}"
EndProject
Project("{2150E333-8FDC-42A3-9474-1A3956D46DE8}") = "01-Common", "01-Common", "{15D7F5F4-F4A6-4DD1-BA5E-636499888FDA}"
EndProject
Project("{FAE04EC0-301F-11D3-BF4B-00C04F79EFBC}") = "Tjzx.BLL", "Common\Tjzx.BLL\Tjzx.BLL.csproj", "{0BB4914F-5D8C-4B7C-83DF-F784198590A3}"
EndProject
Global
	GlobalSection(TestCaseManagementSettings) = postSolution
		CategoryFile = Tjzx.vsmdi
	EndGlobalSection
	GlobalSection(SolutionConfigurationPlatforms) = preSolution
		Debug|Any CPU = Debug|Any CPU
		Release|Any CPU = Release|Any CPU
	EndGlobalSection
	GlobalSection(ProjectConfigurationPlatforms) = postSolution
		{823C4B6A-BEF4-46FB-8399-FF22957C23C8}.Debug|Any CPU.ActiveCfg = Debug|Any CPU
		{823C4B6A-BEF4-46FB-8399-FF22957C23C8}.Debug|Any CPU.Build.0 = Debug|Any CPU
		{823C4B6A-BEF4-46FB-8399-FF22957C23C8}.Release|Any CPU.ActiveCfg = Release|Any CPU
		{823C4B6A-BEF4-46FB-8399-FF22957C23C8}.Release|Any CPU.Build.0 = Release|Any CPU
		{590F6283-B7C6-4553-984A-7B02A96BF64E}.Debug|Any CPU.ActiveCfg = Debug|Any CPU
		{590F6283-B7C6-4553-984A-7B02A96BF64E}.Debug|Any CPU.Build.0 = Debug|Any CPU
		{590F6283-B7C6-4553-984A-7B02A96BF64E}.Release|Any CPU.ActiveCfg = Release|Any CPU
		{590F6283-B7C6-4553-984A-7B02A96BF64E}.Release|Any CPU.Build.0 = Release|Any CPU
		{F859859F-0D24-49D6-98ED-88D597F56176}.Debug|Any CPU.ActiveCfg = Debug|Any CPU
		{F859859F-0D24-49D6-98ED-88D597F56176}.Debug|Any CPU.Build.0 = Debug|Any CPU
		{F859859F-0D24-49D6-98ED-88D597F56176}.Release|Any CPU.ActiveCfg = Release|Any CPU
		{F859859F-0D24-49D6-98ED-88D597F56176}.Release|Any CPU.Build.0 = Release|Any CPU
		{A9EEF11A-CF76-4533-A0B4-1CF07737305D}.Debug|Any CPU.ActiveCfg = Debug|Any CPU
		{A9EEF11A-CF76-4533-A0B4-1CF07737305D}.Debug|Any CPU.Build.0 = Debug|Any CPU
		{A9EEF11A-CF76-4533-A0B4-1CF07737305D}.Release|Any CPU.ActiveCfg = Release|Any CPU
		{A9EEF11A-CF76-4533-A0B4-1CF07737305D}.Release|Any CPU.Build.0 = Release|Any CPU
		{A2AB7468-3FD9-4830-BE6F-3232FEA06EC1}.Debug|Any CPU.ActiveCfg = Debug|Any CPU
		{A2AB7468-3FD9-4830-BE6F-3232FEA06EC1}.Debug|Any CPU.Build.0 = Debug|Any CPU
		{A2AB7468-3FD9-4830-BE6F-3232FEA06EC1}.Release|Any CPU.ActiveCfg = Release|Any CPU
		{A2AB7468-3FD9-4830-BE6F-3232FEA06EC1}.Release|Any CPU.Build.0 = Release|Any CPU
		{CE2E759A-F1DC-445C-A1C0-835CF0B4E076}.Debug|Any CPU.ActiveCfg = Debug|Any CPU
		{CE2E759A-F1DC-445C-A1C0-835CF0B4E076}.Debug|Any CPU.Build.0 = Debug|Any CPU
		{CE2E759A-F1DC-445C-A1C0-835CF0B4E076}.Release|Any CPU.ActiveCfg = Release|Any CPU
		{CE2E759A-F1DC-445C-A1C0-835CF0B4E076}.Release|Any CPU.Build.0 = Release|Any CPU
		{BCF9E9EB-050F-496E-8EA1-6B4183646C6C}.Debug|Any CPU.ActiveCfg = Debug|Any CPU
		{BCF9E9EB-050F-496E-8EA1-6B4183646C6C}.Debug|Any CPU.Build.0 = Debug|Any CPU
		{BCF9E9EB-050F-496E-8EA1-6B4183646C6C}.Release|Any CPU.ActiveCfg = Release|Any CPU
		{BCF9E9EB-050F-496E-8EA1-6B4183646C6C}.Release|Any CPU.Build.0 = Release|Any CPU
		{0BB4914F-5D8C-4B7C-83DF-F784198590A3}.Debug|Any CPU.ActiveCfg = Debug|Any CPU
		{0BB4914F-5D8C-4B7C-83DF-F784198590A3}.Debug|Any CPU.Build.0 = Debug|Any CPU
		{0BB4914F-5D8C-4B7C-83DF-F784198590A3}.Release|Any CPU.ActiveCfg = Release|Any CPU
		{0BB4914F-5D8C-4B7C-83DF-F784198590A3}.Release|Any CPU.Build.0 = Release|Any CPU
	EndGlobalSection
	GlobalSection(SolutionProperties) = preSolution
		HideSolutionNode = FALSE
	EndGlobalSection
	GlobalSection(NestedProjects) = preSolution
		{F859859F-0D24-49D6-98ED-88D597F56176} = {556B83CC-1FB7-4E0D-88DB-9A13407B7956}
		{A9EEF11A-CF76-4533-A0B4-1CF07737305D} = {556B83CC-1FB7-4E0D-88DB-9A13407B7956}
		{823C4B6A-BEF4-46FB-8399-FF22957C23C8} = {CD00F244-4E8A-4B64-A62A-3D2DA769D85A}
		{A2AB7468-3FD9-4830-BE6F-3232FEA06EC1} = {63C42726-B563-4DE6-BD1D-8D2A02435E5F}
		{CE2E759A-F1DC-445C-A1C0-835CF0B4E076} = {63C42726-B563-4DE6-BD1D-8D2A02435E5F}
		{BCF9E9EB-050F-496E-8EA1-6B4183646C6C} = {63C42726-B563-4DE6-BD1D-8D2A02435E5F}
		{590F6283-B7C6-4553-984A-7B02A96BF64E} = {931E7495-E32B-4208-A8BD-D60CB601F182}
		{738B36B6-1B3B-41F6-A56B-7A69FCBB7809} = {931E7495-E32B-4208-A8BD-D60CB601F182}
		{0BB4914F-5D8C-4B7C-83DF-F784198590A3} = {15D7F5F4-F4A6-4DD1-BA5E-636499888FDA}
	EndGlobalSection
EndGlobal
